// !$*UTF8*$!
{
	archiveVersion = 1;
	classes = {
	};
	objectVersion = 70;
	objects = {

/* Begin PBXBuildFile section */
		587DD5312E20528D005ABDDF /* GoogleService-Info.plist in Resources */ = {isa = PBXBuildFile; fileRef = 587DD5302E20528D005ABDDF /* GoogleService-Info.plist */; };
		589223E82D691BA600DE9845 /* GenderModel.swift in Sources */ = {isa = PBXBuildFile; fileRef = 589223E72D691BA600DE9845 /* GenderModel.swift */; };
		589223EC2D692D3800DE9845 /* ViOPopUp.storyboard in Resources */ = {isa = PBXBuildFile; fileRef = 589223EB2D692D3800DE9845 /* ViOPopUp.storyboard */; };
		589223F02D6A882C00DE9845 /* ViOPopUpViewController.swift in Sources */ = {isa = PBXBuildFile; fileRef = 589223EF2D6A882C00DE9845 /* ViOPopUpViewController.swift */; };
		58AC067E2D93478700023211 /* ViO_Date.xcdatamodeld in Sources */ = {isa = PBXBuildFile; fileRef = 58AC067C2D93478700023211 /* ViO_Date.xcdatamodeld */; };
		58AC06872D934B9500023211 /* BmiDataManager.swift in Sources */ = {isa = PBXBuildFile; fileRef = 58AC06862D934B9500023211 /* BmiDataManager.swift */; };
		58AC06B22D9C35D100023211 /* InfoViewController.swift in Sources */ = {isa = PBXBuildFile; fileRef = 58AC06B12D9C35D100023211 /* InfoViewController.swift */; };
		58AC06B82D9C68EC00023211 /* InfoCategory.swift in Sources */ = {isa = PBXBuildFile; fileRef = 58AC06B72D9C68EC00023211 /* InfoCategory.swift */; };
		58AC06BA2D9C6C1800023211 /* InfoTableViewCell.swift in Sources */ = {isa = PBXBuildFile; fileRef = 58AC06B92D9C6C1800023211 /* InfoTableViewCell.swift */; };
		58D48BEE2D6B254F0070AA1F /* UIColor+Extension.swift in Sources */ = {isa = PBXBuildFile; fileRef = 58D48BED2D6B254F0070AA1F /* UIColor+Extension.swift */; };
		58D48BF12D6B90320070AA1F /* BmiCategory.swift in Sources */ = {isa = PBXBuildFile; fileRef = 58D48BF02D6B90320070AA1F /* BmiCategory.swift */; };
		58F0FAA22E23DB4E00BEFB17 /* FirebaseAI in Frameworks */ = {isa = PBXBuildFile; productRef = 58F0FAA12E23DB4E00BEFB17 /* FirebaseAI */; };
		58F0FAA42E23DB4E00BEFB17 /* FirebaseAnalytics in Frameworks */ = {isa = PBXBuildFile; productRef = 58F0FAA32E23DB4E00BEFB17 /* FirebaseAnalytics */; };
		58F0FAA62E23DB4E00BEFB17 /* FirebaseAnalyticsCore in Frameworks */ = {isa = PBXBuildFile; productRef = 58F0FAA52E23DB4E00BEFB17 /* FirebaseAnalyticsCore */; };
		58F0FAA82E23DB4E00BEFB17 /* FirebaseAnalyticsIdentitySupport in Frameworks */ = {isa = PBXBuildFile; productRef = 58F0FAA72E23DB4E00BEFB17 /* FirebaseAnalyticsIdentitySupport */; };
		58F0FAAA2E23DB4E00BEFB17 /* FirebaseAnalyticsOnDeviceConversion in Frameworks */ = {isa = PBXBuildFile; productRef = 58F0FAA92E23DB4E00BEFB17 /* FirebaseAnalyticsOnDeviceConversion */; };
		58F0FAAC2E23DB4E00BEFB17 /* FirebaseAnalyticsWithoutAdIdSupport in Frameworks */ = {isa = PBXBuildFile; productRef = 58F0FAAB2E23DB4E00BEFB17 /* FirebaseAnalyticsWithoutAdIdSupport */; };
		58F0FAAE2E23DB4E00BEFB17 /* FirebaseAppCheck in Frameworks */ = {isa = PBXBuildFile; productRef = 58F0FAAD2E23DB4E00BEFB17 /* FirebaseAppCheck */; };
		58F0FAB02E23DB4E00BEFB17 /* FirebaseAppDistribution-Beta in Frameworks */ = {isa = PBXBuildFile; productRef = 58F0FAAF2E23DB4E00BEFB17 /* FirebaseAppDistribution-Beta */; };
		58F0FAB22E23DB4E00BEFB17 /* FirebaseAuth in Frameworks */ = {isa = PBXBuildFile; productRef = 58F0FAB12E23DB4E00BEFB17 /* FirebaseAuth */; };
		58F0FAB42E23DB4E00BEFB17 /* FirebaseAuthCombine-Community in Frameworks */ = {isa = PBXBuildFile; productRef = 58F0FAB32E23DB4E00BEFB17 /* FirebaseAuthCombine-Community */; };
		58F0FAB62E23DB4E00BEFB17 /* FirebaseCore in Frameworks */ = {isa = PBXBuildFile; productRef = 58F0FAB52E23DB4E00BEFB17 /* FirebaseCore */; };
		58F0FAB82E23DB4E00BEFB17 /* FirebaseCrashlytics in Frameworks */ = {isa = PBXBuildFile; productRef = 58F0FAB72E23DB4E00BEFB17 /* FirebaseCrashlytics */; };
		58F0FABA2E23DB4E00BEFB17 /* FirebaseDatabase in Frameworks */ = {isa = PBXBuildFile; productRef = 58F0FAB92E23DB4E00BEFB17 /* FirebaseDatabase */; };
		58F0FABC2E23DB4E00BEFB17 /* FirebaseDynamicLinks in Frameworks */ = {isa = PBXBuildFile; productRef = 58F0FABB2E23DB4E00BEFB17 /* FirebaseDynamicLinks */; };
		58F0FABE2E23DB4E00BEFB17 /* FirebaseFirestore in Frameworks */ = {isa = PBXBuildFile; productRef = 58F0FABD2E23DB4E00BEFB17 /* FirebaseFirestore */; };
		58F0FAC02E23DB4E00BEFB17 /* FirebaseFirestoreCombine-Community in Frameworks */ = {isa = PBXBuildFile; productRef = 58F0FABF2E23DB4E00BEFB17 /* FirebaseFirestoreCombine-Community */; };
		58F0FAC22E23DB4E00BEFB17 /* FirebaseFunctions in Frameworks */ = {isa = PBXBuildFile; productRef = 58F0FAC12E23DB4E00BEFB17 /* FirebaseFunctions */; };
		58F0FAC42E23DB4E00BEFB17 /* FirebaseFunctionsCombine-Community in Frameworks */ = {isa = PBXBuildFile; productRef = 58F0FAC32E23DB4E00BEFB17 /* FirebaseFunctionsCombine-Community */; };
		58F0FAC62E23DB4E00BEFB17 /* FirebaseInAppMessaging-Beta in Frameworks */ = {isa = PBXBuildFile; productRef = 58F0FAC52E23DB4E00BEFB17 /* FirebaseInAppMessaging-Beta */; };
		58F0FAC82E23DB4E00BEFB17 /* FirebaseInstallations in Frameworks */ = {isa = PBXBuildFile; productRef = 58F0FAC72E23DB4E00BEFB17 /* FirebaseInstallations */; };
		58F0FACA2E23DB4E00BEFB17 /* FirebaseMLModelDownloader in Frameworks */ = {isa = PBXBuildFile; productRef = 58F0FAC92E23DB4E00BEFB17 /* FirebaseMLModelDownloader */; };
		58F0FACC2E23DB4E00BEFB17 /* FirebaseMessaging in Frameworks */ = {isa = PBXBuildFile; productRef = 58F0FACB2E23DB4E00BEFB17 /* FirebaseMessaging */; };
		58F0FACE2E23DB4E00BEFB17 /* FirebasePerformance in Frameworks */ = {isa = PBXBuildFile; productRef = 58F0FACD2E23DB4E00BEFB17 /* FirebasePerformance */; };
		58F0FAD02E23DB4E00BEFB17 /* FirebaseRemoteConfig in Frameworks */ = {isa = PBXBuildFile; productRef = 58F0FACF2E23DB4E00BEFB17 /* FirebaseRemoteConfig */; };
		58F0FAD22E23DB4E00BEFB17 /* FirebaseStorage in Frameworks */ = {isa = PBXBuildFile; productRef = 58F0FAD12E23DB4E00BEFB17 /* FirebaseStorage */; };
		58F0FAD42E23DB4E00BEFB17 /* FirebaseStorageCombine-Community in Frameworks */ = {isa = PBXBuildFile; productRef = 58F0FAD32E23DB4E00BEFB17 /* FirebaseStorageCombine-Community */; };
		58F0FAD62E23DB4E00BEFB17 /* FirebaseVertexAI in Frameworks */ = {isa = PBXBuildFile; productRef = 58F0FAD52E23DB4E00BEFB17 /* FirebaseVertexAI */; };
		58FFFD292D8E57DC004B1383 /* ProfileTableViewController.swift in Sources */ = {isa = PBXBuildFile; fileRef = 58FFFD282D8E57DC004B1383 /* ProfileTableViewController.swift */; };
		58FFFD2B2D8E59E3004B1383 /* ProfileTableViewCell.swift in Sources */ = {isa = PBXBuildFile; fileRef = 58FFFD2A2D8E59E3004B1383 /* ProfileTableViewCell.swift */; };
		6C41EEF72D687AFB0097C49E /* GenderCollectionViewCell.swift in Sources */ = {isa = PBXBuildFile; fileRef = 6C41EEF62D687AFB0097C49E /* GenderCollectionViewCell.swift */; };
		6CFA8B472D65D2A500E3D4F2 /* AppDelegate.swift in Sources */ = {isa = PBXBuildFile; fileRef = 6CFA8B462D65D2A500E3D4F2 /* AppDelegate.swift */; };
		6CFA8B492D65D2A500E3D4F2 /* SceneDelegate.swift in Sources */ = {isa = PBXBuildFile; fileRef = 6CFA8B482D65D2A500E3D4F2 /* SceneDelegate.swift */; };
		6CFA8B4B2D65D2A500E3D4F2 /* ViewController.swift in Sources */ = {isa = PBXBuildFile; fileRef = 6CFA8B4A2D65D2A500E3D4F2 /* ViewController.swift */; };
		6CFA8B4E2D65D2A500E3D4F2 /* Base in Resources */ = {isa = PBXBuildFile; fileRef = 6CFA8B4D2D65D2A500E3D4F2 /* Base */; };
		6CFA8B532D65D2A700E3D4F2 /* Assets.xcassets in Resources */ = {isa = PBXBuildFile; fileRef = 6CFA8B522D65D2A700E3D4F2 /* Assets.xcassets */; };
		6CFA8B562D65D2A700E3D4F2 /* Base in Resources */ = {isa = PBXBuildFile; fileRef = 6CFA8B552D65D2A700E3D4F2 /* Base */; };
		6CFA8B5E2D65D39D00E3D4F2 /* SettingsViewController.swift in Sources */ = {isa = PBXBuildFile; fileRef = 6CFA8B5D2D65D39D00E3D4F2 /* SettingsViewController.swift */; };
		6CFA8B652D66019700E3D4F2 /* ViewTabBarController.swift in Sources */ = {isa = PBXBuildFile; fileRef = 6CFA8B642D66019700E3D4F2 /* ViewTabBarController.swift */; };
/* End PBXBuildFile section */

/* Begin PBXFileReference section */
		587DD5302E20528D005ABDDF /* GoogleService-Info.plist */ = {isa = PBXFileReference; lastKnownFileType = text.plist.xml; path = "GoogleService-Info.plist"; sourceTree = "<group>"; };
		589223E72D691BA600DE9845 /* GenderModel.swift */ = {isa = PBXFileReference; lastKnownFileType = sourcecode.swift; path = GenderModel.swift; sourceTree = "<group>"; };
		589223EB2D692D3800DE9845 /* ViOPopUp.storyboard */ = {isa = PBXFileReference; lastKnownFileType = file.storyboard; path = ViOPopUp.storyboard; sourceTree = "<group>"; };
		589223EF2D6A882C00DE9845 /* ViOPopUpViewController.swift */ = {isa = PBXFileReference; lastKnownFileType = sourcecode.swift; path = ViOPopUpViewController.swift; sourceTree = "<group>"; };
		58AC067D2D93478700023211 /* ViO_Date.xcdatamodel */ = {isa = PBXFileReference; lastKnownFileType = wrapper.xcdatamodel; path = ViO_Date.xcdatamodel; sourceTree = "<group>"; };
		58AC06862D934B9500023211 /* BmiDataManager.swift */ = {isa = PBXFileReference; lastKnownFileType = sourcecode.swift; path = BmiDataManager.swift; sourceTree = "<group>"; };
		58AC06B12D9C35D100023211 /* InfoViewController.swift */ = {isa = PBXFileReference; lastKnownFileType = sourcecode.swift; path = InfoViewController.swift; sourceTree = "<group>"; };
		58AC06B72D9C68EC00023211 /* InfoCategory.swift */ = {isa = PBXFileReference; lastKnownFileType = sourcecode.swift; path = InfoCategory.swift; sourceTree = "<group>"; };
		58AC06B92D9C6C1800023211 /* InfoTableViewCell.swift */ = {isa = PBXFileReference; lastKnownFileType = sourcecode.swift; path = InfoTableViewCell.swift; sourceTree = "<group>"; };
		58D48BED2D6B254F0070AA1F /* UIColor+Extension.swift */ = {isa = PBXFileReference; lastKnownFileType = sourcecode.swift; path = "UIColor+Extension.swift"; sourceTree = "<group>"; };
		58D48BF02D6B90320070AA1F /* BmiCategory.swift */ = {isa = PBXFileReference; lastKnownFileType = sourcecode.swift; path = BmiCategory.swift; sourceTree = "<group>"; };
		58FFFD282D8E57DC004B1383 /* ProfileTableViewController.swift */ = {isa = PBXFileReference; lastKnownFileType = sourcecode.swift; path = ProfileTableViewController.swift; sourceTree = "<group>"; };
		58FFFD2A2D8E59E3004B1383 /* ProfileTableViewCell.swift */ = {isa = PBXFileReference; lastKnownFileType = sourcecode.swift; path = ProfileTableViewCell.swift; sourceTree = "<group>"; };
		6C41EEF62D687AFB0097C49E /* GenderCollectionViewCell.swift */ = {isa = PBXFileReference; lastKnownFileType = sourcecode.swift; path = GenderCollectionViewCell.swift; sourceTree = "<group>"; };
		6CFA8B432D65D2A500E3D4F2 /* ViO_App.app */ = {isa = PBXFileReference; explicitFileType = wrapper.application; includeInIndex = 0; path = ViO_App.app; sourceTree = BUILT_PRODUCTS_DIR; };
		6CFA8B462D65D2A500E3D4F2 /* AppDelegate.swift */ = {isa = PBXFileReference; lastKnownFileType = sourcecode.swift; path = AppDelegate.swift; sourceTree = "<group>"; };
		6CFA8B482D65D2A500E3D4F2 /* SceneDelegate.swift */ = {isa = PBXFileReference; lastKnownFileType = sourcecode.swift; path = SceneDelegate.swift; sourceTree = "<group>"; };
		6CFA8B4A2D65D2A500E3D4F2 /* ViewController.swift */ = {isa = PBXFileReference; lastKnownFileType = sourcecode.swift; path = ViewController.swift; sourceTree = "<group>"; };
		6CFA8B4D2D65D2A500E3D4F2 /* Base */ = {isa = PBXFileReference; lastKnownFileType = file.storyboard; name = Base; path = Base.lproj/Main.storyboard; sourceTree = "<group>"; };
		6CFA8B522D65D2A700E3D4F2 /* Assets.xcassets */ = {isa = PBXFileReference; lastKnownFileType = folder.assetcatalog; path = Assets.xcassets; sourceTree = "<group>"; };
		6CFA8B552D65D2A700E3D4F2 /* Base */ = {isa = PBXFileReference; lastKnownFileType = file.storyboard; name = Base; path = Base.lproj/LaunchScreen.storyboard; sourceTree = "<group>"; };
		6CFA8B572D65D2A700E3D4F2 /* Info.plist */ = {isa = PBXFileReference; lastKnownFileType = text.plist.xml; path = Info.plist; sourceTree = "<group>"; };
		6CFA8B5D2D65D39D00E3D4F2 /* SettingsViewController.swift */ = {isa = PBXFileReference; lastKnownFileType = sourcecode.swift; path = SettingsViewController.swift; sourceTree = "<group>"; };
		6CFA8B642D66019700E3D4F2 /* ViewTabBarController.swift */ = {isa = PBXFileReference; lastKnownFileType = sourcecode.swift; path = ViewTabBarController.swift; sourceTree = "<group>"; };
/* End PBXFileReference section */

/* Begin PBXFileSystemSynchronizedBuildFileExceptionSet section */
		58AC06B62D9C35FE00023211 /* PBXFileSystemSynchronizedBuildFileExceptionSet */ = {
			isa = PBXFileSystemSynchronizedBuildFileExceptionSet;
			membershipExceptions = (
				InfoPopUp.storyboard,
			);
			target = 6CFA8B422D65D2A500E3D4F2 /* ViO_App */;
		};
		58FE71A82D9DE3130098FF9D /* PBXFileSystemSynchronizedBuildFileExceptionSet */ = {
			isa = PBXFileSystemSynchronizedBuildFileExceptionSet;
			membershipExceptions = (
				ShareView.storyboard,
			);
			target = 6CFA8B422D65D2A500E3D4F2 /* ViO_App */;
		};
/* End PBXFileSystemSynchronizedBuildFileExceptionSet section */

/* Begin PBXFileSystemSynchronizedRootGroup section */
		58AC06B32D9C35E800023211 /* InfoPopUp */ = {isa = PBXFileSystemSynchronizedRootGroup; exceptions = (58AC06B62D9C35FE00023211 /* PBXFileSystemSynchronizedBuildFileExceptionSet */, ); explicitFileTypes = {}; explicitFolders = (); path = InfoPopUp; sourceTree = "<group>"; };
		58FE71A42D9DE2F20098FF9D /* ShareView */ = {isa = PBXFileSystemSynchronizedRootGroup; exceptions = (58FE71A82D9DE3130098FF9D /* PBXFileSystemSynchronizedBuildFileExceptionSet */, ); explicitFileTypes = {}; explicitFolders = (); path = ShareView; sourceTree = "<group>"; };
		58FE71A92D9DE8360098FF9D /* ShareViewController */ = {isa = PBXFileSystemSynchronizedRootGroup; explicitFileTypes = {}; explicitFolders = (); path = ShareViewController; sourceTree = "<group>"; };
/* End PBXFileSystemSynchronizedRootGroup section */

/* Begin PBXFrameworksBuildPhase section */
		6CFA8B402D65D2A500E3D4F2 /* Frameworks */ = {
			isa = PBXFrameworksBuildPhase;
			buildActionMask = 2147483647;
			files = (
				58F0FAC22E23DB4E00BEFB17 /* FirebaseFunctions in Frameworks */,
				58F0FABA2E23DB4E00BEFB17 /* FirebaseDatabase in Frameworks */,
				58F0FAA82E23DB4E00BEFB17 /* FirebaseAnalyticsIdentitySupport in Frameworks */,
				58F0FAD22E23DB4E00BEFB17 /* FirebaseStorage in Frameworks */,
				58F0FAAC2E23DB4E00BEFB17 /* FirebaseAnalyticsWithoutAdIdSupport in Frameworks */,
				58F0FAB62E23DB4E00BEFB17 /* FirebaseCore in Frameworks */,
				58F0FAA42E23DB4E00BEFB17 /* FirebaseAnalytics in Frameworks */,
				58F0FACA2E23DB4E00BEFB17 /* FirebaseMLModelDownloader in Frameworks */,
				58F0FABC2E23DB4E00BEFB17 /* FirebaseDynamicLinks in Frameworks */,
				58F0FAAA2E23DB4E00BEFB17 /* FirebaseAnalyticsOnDeviceConversion in Frameworks */,
				58F0FAB22E23DB4E00BEFB17 /* FirebaseAuth in Frameworks */,
				58F0FABE2E23DB4E00BEFB17 /* FirebaseFirestore in Frameworks */,
				58F0FAC02E23DB4E00BEFB17 /* FirebaseFirestoreCombine-Community in Frameworks */,
				58F0FAD62E23DB4E00BEFB17 /* FirebaseVertexAI in Frameworks */,
				58F0FAC62E23DB4E00BEFB17 /* FirebaseInAppMessaging-Beta in Frameworks */,
				58F0FAC42E23DB4E00BEFB17 /* FirebaseFunctionsCombine-Community in Frameworks */,
				58F0FAAE2E23DB4E00BEFB17 /* FirebaseAppCheck in Frameworks */,
				58F0FAD42E23DB4E00BEFB17 /* FirebaseStorageCombine-Community in Frameworks */,
				58F0FAD02E23DB4E00BEFB17 /* FirebaseRemoteConfig in Frameworks */,
				58F0FAA62E23DB4E00BEFB17 /* FirebaseAnalyticsCore in Frameworks */,
				58F0FAA22E23DB4E00BEFB17 /* FirebaseAI in Frameworks */,
				58F0FACE2E23DB4E00BEFB17 /* FirebasePerformance in Frameworks */,
				58F0FAB82E23DB4E00BEFB17 /* FirebaseCrashlytics in Frameworks */,
				58F0FAB02E23DB4E00BEFB17 /* FirebaseAppDistribution-Beta in Frameworks */,
				58F0FAB42E23DB4E00BEFB17 /* FirebaseAuthCombine-Community in Frameworks */,
				58F0FACC2E23DB4E00BEFB17 /* FirebaseMessaging in Frameworks */,
				58F0FAC82E23DB4E00BEFB17 /* FirebaseInstallations in Frameworks */,
			);
			runOnlyForDeploymentPostprocessing = 0;
		};
/* End PBXFrameworksBuildPhase section */

/* Begin PBXGroup section */
		589223E52D691B6A00DE9845 /* Model */ = {
			isa = PBXGroup;
			children = (
				58AC067F2D9347D800023211 /* UserDate */,
				58D48BEF2D6B8FEF0070AA1F /* BmiCatogory */,
				58D48BE62D6B22960070AA1F /* Color */,
				589223E62D691B9300DE9845 /* Gender */,
			);
			path = Model;
			sourceTree = "<group>";
		};
		589223E62D691B9300DE9845 /* Gender */ = {
			isa = PBXGroup;
			children = (
				589223E72D691BA600DE9845 /* GenderModel.swift */,
			);
			path = Gender;
			sourceTree = "<group>";
		};
		589223E92D692D0800DE9845 /* ViOPopUp */ = {
			isa = PBXGroup;
			children = (
				589223EB2D692D3800DE9845 /* ViOPopUp.storyboard */,
			);
			path = ViOPopUp;
			sourceTree = "<group>";
		};
		589223ED2D6A875E00DE9845 /* ViOPopUp */ = {
			isa = PBXGroup;
			children = (
				589223EF2D6A882C00DE9845 /* ViOPopUpViewController.swift */,
			);
			path = ViOPopUp;
			sourceTree = "<group>";
		};
		58AC067F2D9347D800023211 /* UserDate */ = {
			isa = PBXGroup;
			children = (
				58AC06862D934B9500023211 /* BmiDataManager.swift */,
			);
			path = UserDate;
			sourceTree = "<group>";
		};
		58D48BE62D6B22960070AA1F /* Color */ = {
			isa = PBXGroup;
			children = (
				58D48BED2D6B254F0070AA1F /* UIColor+Extension.swift */,
			);
			path = Color;
			sourceTree = "<group>";
		};
		58D48BEF2D6B8FEF0070AA1F /* BmiCatogory */ = {
			isa = PBXGroup;
			children = (
				58D48BF02D6B90320070AA1F /* BmiCategory.swift */,
				58AC06B72D9C68EC00023211 /* InfoCategory.swift */,
			);
			path = BmiCatogory;
			sourceTree = "<group>";
		};
		58FFFD272D8E57A0004B1383 /* Profile */ = {
			isa = PBXGroup;
			children = (
				58FFFD282D8E57DC004B1383 /* ProfileTableViewController.swift */,
				58AC06B12D9C35D100023211 /* InfoViewController.swift */,
			);
			path = Profile;
			sourceTree = "<group>";
		};
		6C41EEF52D687AC80097C49E /* ViewCell */ = {
			isa = PBXGroup;
			children = (
				6C41EEF62D687AFB0097C49E /* GenderCollectionViewCell.swift */,
				58FFFD2A2D8E59E3004B1383 /* ProfileTableViewCell.swift */,
				58AC06B92D9C6C1800023211 /* InfoTableViewCell.swift */,
			);
			path = ViewCell;
			sourceTree = "<group>";
		};
		6C41EEF82D6917290097C49E /* SupportingFile */ = {
			isa = PBXGroup;
			children = (
				6CFA8B462D65D2A500E3D4F2 /* AppDelegate.swift */,
				6CFA8B482D65D2A500E3D4F2 /* SceneDelegate.swift */,
				6CFA8B522D65D2A700E3D4F2 /* Assets.xcassets */,
				6CFA8B542D65D2A700E3D4F2 /* LaunchScreen.storyboard */,
				6CFA8B572D65D2A700E3D4F2 /* Info.plist */,
				58AC067C2D93478700023211 /* ViO_Date.xcdatamodeld */,
				587DD5302E20528D005ABDDF /* GoogleService-Info.plist */,
			);
			path = SupportingFile;
			sourceTree = "<group>";
		};
		6CFA8B3A2D65D2A500E3D4F2 = {
			isa = PBXGroup;
			children = (
				6CFA8B452D65D2A500E3D4F2 /* ViO_App */,
				6CFA8B442D65D2A500E3D4F2 /* Products */,
			);
			sourceTree = "<group>";
		};
		6CFA8B442D65D2A500E3D4F2 /* Products */ = {
			isa = PBXGroup;
			children = (
				6CFA8B432D65D2A500E3D4F2 /* ViO_App.app */,
			);
			name = Products;
			sourceTree = "<group>";
		};
		6CFA8B452D65D2A500E3D4F2 /* ViO_App */ = {
			isa = PBXGroup;
			children = (
				589223E52D691B6A00DE9845 /* Model */,
				6C41EEF82D6917290097C49E /* SupportingFile */,
				6C41EEF52D687AC80097C49E /* ViewCell */,
				6CFA8B632D66012300E3D4F2 /* Controller */,
				6CFA8B622D65F97400E3D4F2 /* ViewController */,
				6CFA8B612D65F96500E3D4F2 /* View */,
			);
			path = ViO_App;
			sourceTree = "<group>";
		};
		6CFA8B612D65F96500E3D4F2 /* View */ = {
			isa = PBXGroup;
			children = (
				58FE71A42D9DE2F20098FF9D /* ShareView */,
				58AC06B32D9C35E800023211 /* InfoPopUp */,
				589223E92D692D0800DE9845 /* ViOPopUp */,
				6CFA8B4C2D65D2A500E3D4F2 /* Main.storyboard */,
			);
			path = View;
			sourceTree = "<group>";
		};
		6CFA8B622D65F97400E3D4F2 /* ViewController */ = {
			isa = PBXGroup;
			children = (
				58FE71A92D9DE8360098FF9D /* ShareViewController */,
				58FFFD272D8E57A0004B1383 /* Profile */,
				589223ED2D6A875E00DE9845 /* ViOPopUp */,
				6CFA8B4A2D65D2A500E3D4F2 /* ViewController.swift */,
				6CFA8B5D2D65D39D00E3D4F2 /* SettingsViewController.swift */,
			);
			path = ViewController;
			sourceTree = "<group>";
		};
		6CFA8B632D66012300E3D4F2 /* Controller */ = {
			isa = PBXGroup;
			children = (
				6CFA8B642D66019700E3D4F2 /* ViewTabBarController.swift */,
			);
			path = Controller;
			sourceTree = "<group>";
		};
/* End PBXGroup section */

/* Begin PBXNativeTarget section */
		6CFA8B422D65D2A500E3D4F2 /* ViO_App */ = {
			isa = PBXNativeTarget;
			buildConfigurationList = 6CFA8B5A2D65D2A700E3D4F2 /* Build configuration list for PBXNativeTarget "ViO_App" */;
			buildPhases = (
				6CFA8B3F2D65D2A500E3D4F2 /* Sources */,
				6CFA8B402D65D2A500E3D4F2 /* Frameworks */,
				6CFA8B412D65D2A500E3D4F2 /* Resources */,
			);
			buildRules = (
			);
			dependencies = (
			);
			fileSystemSynchronizedGroups = (
				58FE71A92D9DE8360098FF9D /* ShareViewController */,
			);
			name = ViO_App;
			productName = ViO_App;
			productReference = 6CFA8B432D65D2A500E3D4F2 /* ViO_App.app */;
			productType = "com.apple.product-type.application";
		};
/* End PBXNativeTarget section */

/* Begin PBXProject section */
		6CFA8B3B2D65D2A500E3D4F2 /* Project object */ = {
			isa = PBXProject;
			attributes = {
				BuildIndependentTargetsInParallel = 1;
				LastSwiftUpdateCheck = 1540;
				LastUpgradeCheck = 1540;
				TargetAttributes = {
					6CFA8B422D65D2A500E3D4F2 = {
						CreatedOnToolsVersion = 15.4;
					};
				};
			};
			buildConfigurationList = 6CFA8B3E2D65D2A500E3D4F2 /* Build configuration list for PBXProject "ViO_App" */;
			compatibilityVersion = "Xcode 14.0";
			developmentRegion = en;
			hasScannedForEncodings = 0;
			knownRegions = (
				en,
				Base,
			);
			mainGroup = 6CFA8B3A2D65D2A500E3D4F2;
			packageReferences = (
				58F0FAA02E23DB4E00BEFB17 /* XCRemoteSwiftPackageReference "firebase-ios-sdk" */,
			);
			productRefGroup = 6CFA8B442D65D2A500E3D4F2 /* Products */;
			projectDirPath = "";
			projectRoot = "";
			targets = (
				6CFA8B422D65D2A500E3D4F2 /* ViO_App */,
			);
		};
/* End PBXProject section */

/* Begin PBXResourcesBuildPhase section */
		6CFA8B412D65D2A500E3D4F2 /* Resources */ = {
			isa = PBXResourcesBuildPhase;
			buildActionMask = 2147483647;
			files = (
				589223EC2D692D3800DE9845 /* ViOPopUp.storyboard in Resources */,
				6CFA8B532D65D2A700E3D4F2 /* Assets.xcassets in Resources */,
				6CFA8B562D65D2A700E3D4F2 /* Base in Resources */,
				6CFA8B4E2D65D2A500E3D4F2 /* Base in Resources */,
				587DD5312E20528D005ABDDF /* GoogleService-Info.plist in Resources */,
			);
			runOnlyForDeploymentPostprocessing = 0;
		};
/* End PBXResourcesBuildPhase section */

/* Begin PBXSourcesBuildPhase section */
		6CFA8B3F2D65D2A500E3D4F2 /* Sources */ = {
			isa = PBXSourcesBuildPhase;
			buildActionMask = 2147483647;
			files = (
				589223E82D691BA600DE9845 /* GenderModel.swift in Sources */,
				58AC067E2D93478700023211 /* ViO_Date.xcdatamodeld in Sources */,
				6CFA8B652D66019700E3D4F2 /* ViewTabBarController.swift in Sources */,
				58D48BF12D6B90320070AA1F /* BmiCategory.swift in Sources */,
				58AC06B22D9C35D100023211 /* InfoViewController.swift in Sources */,
				58D48BEE2D6B254F0070AA1F /* UIColor+Extension.swift in Sources */,
				58AC06BA2D9C6C1800023211 /* InfoTableViewCell.swift in Sources */,
				58FFFD292D8E57DC004B1383 /* ProfileTableViewController.swift in Sources */,
				58AC06B82D9C68EC00023211 /* InfoCategory.swift in Sources */,
				6CFA8B4B2D65D2A500E3D4F2 /* ViewController.swift in Sources */,
				6CFA8B472D65D2A500E3D4F2 /* AppDelegate.swift in Sources */,
				58FFFD2B2D8E59E3004B1383 /* ProfileTableViewCell.swift in Sources */,
				589223F02D6A882C00DE9845 /* ViOPopUpViewController.swift in Sources */,
				58AC06872D934B9500023211 /* BmiDataManager.swift in Sources */,
				6C41EEF72D687AFB0097C49E /* GenderCollectionViewCell.swift in Sources */,
				6CFA8B5E2D65D39D00E3D4F2 /* SettingsViewController.swift in Sources */,
				6CFA8B492D65D2A500E3D4F2 /* SceneDelegate.swift in Sources */,
			);
			runOnlyForDeploymentPostprocessing = 0;
		};
/* End PBXSourcesBuildPhase section */

/* Begin PBXVariantGroup section */
		6CFA8B4C2D65D2A500E3D4F2 /* Main.storyboard */ = {
			isa = PBXVariantGroup;
			children = (
				6CFA8B4D2D65D2A500E3D4F2 /* Base */,
			);
			name = Main.storyboard;
			sourceTree = "<group>";
		};
		6CFA8B542D65D2A700E3D4F2 /* LaunchScreen.storyboard */ = {
			isa = PBXVariantGroup;
			children = (
				6CFA8B552D65D2A700E3D4F2 /* Base */,
			);
			name = LaunchScreen.storyboard;
			sourceTree = "<group>";
		};
/* End PBXVariantGroup section */

/* Begin XCBuildConfiguration section */
		6CFA8B582D65D2A700E3D4F2 /* Debug */ = {
			isa = XCBuildConfiguration;
			buildSettings = {
				ALWAYS_SEARCH_USER_PATHS = NO;
				ASSETCATALOG_COMPILER_GENERATE_SWIFT_ASSET_SYMBOL_EXTENSIONS = YES;
				CLANG_ANALYZER_NONNULL = YES;
				CLANG_ANALYZER_NUMBER_OBJECT_CONVERSION = YES_AGGRESSIVE;
				CLANG_CXX_LANGUAGE_STANDARD = "gnu++20";
				CLANG_ENABLE_MODULES = YES;
				CLANG_ENABLE_OBJC_ARC = YES;
				CLANG_ENABLE_OBJC_WEAK = YES;
				CLANG_WARN_BLOCK_CAPTURE_AUTORELEASING = YES;
				CLANG_WARN_BOOL_CONVERSION = YES;
				CLANG_WARN_COMMA = YES;
				CLANG_WARN_CONSTANT_CONVERSION = YES;
				CLANG_WARN_DEPRECATED_OBJC_IMPLEMENTATIONS = YES;
				CLANG_WARN_DIRECT_OBJC_ISA_USAGE = YES_ERROR;
				CLANG_WARN_DOCUMENTATION_COMMENTS = YES;
				CLANG_WARN_EMPTY_BODY = YES;
				CLANG_WARN_ENUM_CONVERSION = YES;
				CLANG_WARN_INFINITE_RECURSION = YES;
				CLANG_WARN_INT_CONVERSION = YES;
				CLANG_WARN_NON_LITERAL_NULL_CONVERSION = YES;
				CLANG_WARN_OBJC_IMPLICIT_RETAIN_SELF = YES;
				CLANG_WARN_OBJC_LITERAL_CONVERSION = YES;
				CLANG_WARN_OBJC_ROOT_CLASS = YES_ERROR;
				CLANG_WARN_QUOTED_INCLUDE_IN_FRAMEWORK_HEADER = YES;
				CLANG_WARN_RANGE_LOOP_ANALYSIS = YES;
				CLANG_WARN_STRICT_PROTOTYPES = YES;
				CLANG_WARN_SUSPICIOUS_MOVE = YES;
				CLANG_WARN_UNGUARDED_AVAILABILITY = YES_AGGRESSIVE;
				CLANG_WARN_UNREACHABLE_CODE = YES;
				CLANG_WARN__DUPLICATE_METHOD_MATCH = YES;
				COPY_PHASE_STRIP = NO;
				DEBUG_INFORMATION_FORMAT = dwarf;
				ENABLE_STRICT_OBJC_MSGSEND = YES;
				ENABLE_TESTABILITY = YES;
				ENABLE_USER_SCRIPT_SANDBOXING = YES;
				GCC_C_LANGUAGE_STANDARD = gnu17;
				GCC_DYNAMIC_NO_PIC = NO;
				GCC_NO_COMMON_BLOCKS = YES;
				GCC_OPTIMIZATION_LEVEL = 0;
				GCC_PREPROCESSOR_DEFINITIONS = (
					"DEBUG=1",
					"$(inherited)",
				);
				GCC_WARN_64_TO_32_BIT_CONVERSION = YES;
				GCC_WARN_ABOUT_RETURN_TYPE = YES_ERROR;
				GCC_WARN_UNDECLARED_SELECTOR = YES;
				GCC_WARN_UNINITIALIZED_AUTOS = YES_AGGRESSIVE;
				GCC_WARN_UNUSED_FUNCTION = YES;
				GCC_WARN_UNUSED_VARIABLE = YES;
				IPHONEOS_DEPLOYMENT_TARGET = 17.5;
				LOCALIZATION_PREFERS_STRING_CATALOGS = YES;
				MTL_ENABLE_DEBUG_INFO = INCLUDE_SOURCE;
				MTL_FAST_MATH = YES;
				ONLY_ACTIVE_ARCH = YES;
				SDKROOT = iphoneos;
				SWIFT_ACTIVE_COMPILATION_CONDITIONS = "DEBUG $(inherited)";
				SWIFT_OPTIMIZATION_LEVEL = "-Onone";
			};
			name = Debug;
		};
		6CFA8B592D65D2A700E3D4F2 /* Release */ = {
			isa = XCBuildConfiguration;
			buildSettings = {
				ALWAYS_SEARCH_USER_PATHS = NO;
				ASSETCATALOG_COMPILER_GENERATE_SWIFT_ASSET_SYMBOL_EXTENSIONS = YES;
				CLANG_ANALYZER_NONNULL = YES;
				CLANG_ANALYZER_NUMBER_OBJECT_CONVERSION = YES_AGGRESSIVE;
				CLANG_CXX_LANGUAGE_STANDARD = "gnu++20";
				CLANG_ENABLE_MODULES = YES;
				CLANG_ENABLE_OBJC_ARC = YES;
				CLANG_ENABLE_OBJC_WEAK = YES;
				CLANG_WARN_BLOCK_CAPTURE_AUTORELEASING = YES;
				CLANG_WARN_BOOL_CONVERSION = YES;
				CLANG_WARN_COMMA = YES;
				CLANG_WARN_CONSTANT_CONVERSION = YES;
				CLANG_WARN_DEPRECATED_OBJC_IMPLEMENTATIONS = YES;
				CLANG_WARN_DIRECT_OBJC_ISA_USAGE = YES_ERROR;
				CLANG_WARN_DOCUMENTATION_COMMENTS = YES;
				CLANG_WARN_EMPTY_BODY = YES;
				CLANG_WARN_ENUM_CONVERSION = YES;
				CLANG_WARN_INFINITE_RECURSION = YES;
				CLANG_WARN_INT_CONVERSION = YES;
				CLANG_WARN_NON_LITERAL_NULL_CONVERSION = YES;
				CLANG_WARN_OBJC_IMPLICIT_RETAIN_SELF = YES;
				CLANG_WARN_OBJC_LITERAL_CONVERSION = YES;
				CLANG_WARN_OBJC_ROOT_CLASS = YES_ERROR;
				CLANG_WARN_QUOTED_INCLUDE_IN_FRAMEWORK_HEADER = YES;
				CLANG_WARN_RANGE_LOOP_ANALYSIS = YES;
				CLANG_WARN_STRICT_PROTOTYPES = YES;
				CLANG_WARN_SUSPICIOUS_MOVE = YES;
				CLANG_WARN_UNGUARDED_AVAILABILITY = YES_AGGRESSIVE;
				CLANG_WARN_UNREACHABLE_CODE = YES;
				CLANG_WARN__DUPLICATE_METHOD_MATCH = YES;
				COPY_PHASE_STRIP = NO;
				DEBUG_INFORMATION_FORMAT = "dwarf-with-dsym";
				ENABLE_NS_ASSERTIONS = NO;
				ENABLE_STRICT_OBJC_MSGSEND = YES;
				ENABLE_USER_SCRIPT_SANDBOXING = YES;
				GCC_C_LANGUAGE_STANDARD = gnu17;
				GCC_NO_COMMON_BLOCKS = YES;
				GCC_WARN_64_TO_32_BIT_CONVERSION = YES;
				GCC_WARN_ABOUT_RETURN_TYPE = YES_ERROR;
				GCC_WARN_UNDECLARED_SELECTOR = YES;
				GCC_WARN_UNINITIALIZED_AUTOS = YES_AGGRESSIVE;
				GCC_WARN_UNUSED_FUNCTION = YES;
				GCC_WARN_UNUSED_VARIABLE = YES;
				IPHONEOS_DEPLOYMENT_TARGET = 17.5;
				LOCALIZATION_PREFERS_STRING_CATALOGS = YES;
				MTL_ENABLE_DEBUG_INFO = NO;
				MTL_FAST_MATH = YES;
				SDKROOT = iphoneos;
				SWIFT_COMPILATION_MODE = wholemodule;
				VALIDATE_PRODUCT = YES;
			};
			name = Release;
		};
		6CFA8B5B2D65D2A700E3D4F2 /* Debug */ = {
			isa = XCBuildConfiguration;
			buildSettings = {
				ASSETCATALOG_COMPILER_APPICON_NAME = AppIcon;
				ASSETCATALOG_COMPILER_GLOBAL_ACCENT_COLOR_NAME = AccentColor;
				CODE_SIGN_STYLE = Automatic;
				CURRENT_PROJECT_VERSION = 1;
				DEVELOPMENT_TEAM = 4D339RXXN8;
				GENERATE_INFOPLIST_FILE = YES;
				INFOPLIST_FILE = /Users/sametarabaci/Documents/swift_project/ViO_App/ViO_App/SupportingFile/Info.plist;
				INFOPLIST_KEY_CFBundleDisplayName = ViO;
				INFOPLIST_KEY_UIApplicationSupportsIndirectInputEvents = YES;
				INFOPLIST_KEY_UILaunchStoryboardName = LaunchScreen;
				INFOPLIST_KEY_UIMainStoryboardFile = Main;
				INFOPLIST_KEY_UISupportedInterfaceOrientations_iPad = "UIInterfaceOrientationPortrait UIInterfaceOrientationPortraitUpsideDown UIInterfaceOrientationLandscapeLeft UIInterfaceOrientationLandscapeRight";
				INFOPLIST_KEY_UISupportedInterfaceOrientations_iPhone = "UIInterfaceOrientationPortrait UIInterfaceOrientationLandscapeLeft UIInterfaceOrientationLandscapeRight";
				LD_RUNPATH_SEARCH_PATHS = (
					"$(inherited)",
					"@executable_path/Frameworks",
				);
				MARKETING_VERSION = 1.0;
				PRODUCT_BUNDLE_IDENTIFIER = com.sametarabaci.ViOApp;
				PRODUCT_NAME = "$(TARGET_NAME)";
				SWIFT_EMIT_LOC_STRINGS = YES;
				SWIFT_VERSION = 5.0;
				TARGETED_DEVICE_FAMILY = "1,2";
			};
			name = Debug;
		};
		6CFA8B5C2D65D2A700E3D4F2 /* Release */ = {
			isa = XCBuildConfiguration;
			buildSettings = {
				ASSETCATALOG_COMPILER_APPICON_NAME = AppIcon;
				ASSETCATALOG_COMPILER_GLOBAL_ACCENT_COLOR_NAME = AccentColor;
				CODE_SIGN_STYLE = Automatic;
				CURRENT_PROJECT_VERSION = 1;
				DEVELOPMENT_TEAM = 4D339RXXN8;
				GENERATE_INFOPLIST_FILE = YES;
				INFOPLIST_FILE = /Users/sametarabaci/Documents/swift_project/ViO_App/ViO_App/SupportingFile/Info.plist;
				INFOPLIST_KEY_CFBundleDisplayName = ViO;
				INFOPLIST_KEY_UIApplicationSupportsIndirectInputEvents = YES;
				INFOPLIST_KEY_UILaunchStoryboardName = LaunchScreen;
				INFOPLIST_KEY_UIMainStoryboardFile = Main;
				INFOPLIST_KEY_UISupportedInterfaceOrientations_iPad = "UIInterfaceOrientationPortrait UIInterfaceOrientationPortraitUpsideDown UIInterfaceOrientationLandscapeLeft UIInterfaceOrientationLandscapeRight";
				INFOPLIST_KEY_UISupportedInterfaceOrientations_iPhone = "UIInterfaceOrientationPortrait UIInterfaceOrientationLandscapeLeft UIInterfaceOrientationLandscapeRight";
				LD_RUNPATH_SEARCH_PATHS = (
					"$(inherited)",
					"@executable_path/Frameworks",
				);
				MARKETING_VERSION = 1.0;
				PRODUCT_BUNDLE_IDENTIFIER = com.sametarabaci.ViOApp;
				PRODUCT_NAME = "$(TARGET_NAME)";
				SWIFT_EMIT_LOC_STRINGS = YES;
				SWIFT_VERSION = 5.0;
				TARGETED_DEVICE_FAMILY = "1,2";
			};
			name = Release;
		};
/* End XCBuildConfiguration section */

/* Begin XCConfigurationList section */
		6CFA8B3E2D65D2A500E3D4F2 /* Build configuration list for PBXProject "ViO_App" */ = {
			isa = XCConfigurationList;
			buildConfigurations = (
				6CFA8B582D65D2A700E3D4F2 /* Debug */,
				6CFA8B592D65D2A700E3D4F2 /* Release */,
			);
			defaultConfigurationIsVisible = 0;
			defaultConfigurationName = Release;
		};
		6CFA8B5A2D65D2A700E3D4F2 /* Build configuration list for PBXNativeTarget "ViO_App" */ = {
			isa = XCConfigurationList;
			buildConfigurations = (
				6CFA8B5B2D65D2A700E3D4F2 /* Debug */,
				6CFA8B5C2D65D2A700E3D4F2 /* Release */,
			);
			defaultConfigurationIsVisible = 0;
			defaultConfigurationName = Release;
		};
/* End XCConfigurationList section */

/* Begin XCRemoteSwiftPackageReference section */
		58F0FAA02E23DB4E00BEFB17 /* XCRemoteSwiftPackageReference "firebase-ios-sdk" */ = {
			isa = XCRemoteSwiftPackageReference;
			repositoryURL = "https://github.com/firebase/firebase-ios-sdk";
			requirement = {
				kind = upToNextMajorVersion;
				minimumVersion = 11.15.0;
			};
		};
/* End XCRemoteSwiftPackageReference section */

/* Begin XCSwiftPackageProductDependency section */
		58F0FAA12E23DB4E00BEFB17 /* FirebaseAI */ = {
			isa = XCSwiftPackageProductDependency;
			package = 58F0FAA02E23DB4E00BEFB17 /* XCRemoteSwiftPackageReference "firebase-ios-sdk" */;
			productName = FirebaseAI;
		};
		58F0FAA32E23DB4E00BEFB17 /* FirebaseAnalytics */ = {
			isa = XCSwiftPackageProductDependency;
			package = 58F0FAA02E23DB4E00BEFB17 /* XCRemoteSwiftPackageReference "firebase-ios-sdk" */;
			productName = FirebaseAnalytics;
		};
		58F0FAA52E23DB4E00BEFB17 /* FirebaseAnalyticsCore */ = {
			isa = XCSwiftPackageProductDependency;
			package = 58F0FAA02E23DB4E00BEFB17 /* XCRemoteSwiftPackageReference "firebase-ios-sdk" */;
			productName = FirebaseAnalyticsCore;
		};
		58F0FAA72E23DB4E00BEFB17 /* FirebaseAnalyticsIdentitySupport */ = {
			isa = XCSwiftPackageProductDependency;
			package = 58F0FAA02E23DB4E00BEFB17 /* XCRemoteSwiftPackageReference "firebase-ios-sdk" */;
			productName = FirebaseAnalyticsIdentitySupport;
		};
		58F0FAA92E23DB4E00BEFB17 /* FirebaseAnalyticsOnDeviceConversion */ = {
			isa = XCSwiftPackageProductDependency;
			package = 58F0FAA02E23DB4E00BEFB17 /* XCRemoteSwiftPackageReference "firebase-ios-sdk" */;
			productName = FirebaseAnalyticsOnDeviceConversion;
		};
		58F0FAAB2E23DB4E00BEFB17 /* FirebaseAnalyticsWithoutAdIdSupport */ = {
			isa = XCSwiftPackageProductDependency;
			package = 58F0FAA02E23DB4E00BEFB17 /* XCRemoteSwiftPackageReference "firebase-ios-sdk" */;
			productName = FirebaseAnalyticsWithoutAdIdSupport;
		};
		58F0FAAD2E23DB4E00BEFB17 /* FirebaseAppCheck */ = {
			isa = XCSwiftPackageProductDependency;
			package = 58F0FAA02E23DB4E00BEFB17 /* XCRemoteSwiftPackageReference "firebase-ios-sdk" */;
			productName = FirebaseAppCheck;
		};
		58F0FAAF2E23DB4E00BEFB17 /* FirebaseAppDistribution-Beta */ = {
			isa = XCSwiftPackageProductDependency;
			package = 58F0FAA02E23DB4E00BEFB17 /* XCRemoteSwiftPackageReference "firebase-ios-sdk" */;
			productName = "FirebaseAppDistribution-Beta";
		};
		58F0FAB12E23DB4E00BEFB17 /* FirebaseAuth */ = {
			isa = XCSwiftPackageProductDependency;
			package = 58F0FAA02E23DB4E00BEFB17 /* XCRemoteSwiftPackageReference "firebase-ios-sdk" */;
			productName = FirebaseAuth;
		};
		58F0FAB32E23DB4E00BEFB17 /* FirebaseAuthCombine-Community */ = {
			isa = XCSwiftPackageProductDependency;
			package = 58F0FAA02E23DB4E00BEFB17 /* XCRemoteSwiftPackageReference "firebase-ios-sdk" */;
			productName = "FirebaseAuthCombine-Community";
		};
		58F0FAB52E23DB4E00BEFB17 /* FirebaseCore */ = {
			isa = XCSwiftPackageProductDependency;
			package = 58F0FAA02E23DB4E00BEFB17 /* XCRemoteSwiftPackageReference "firebase-ios-sdk" */;
			productName = FirebaseCore;
		};
		58F0FAB72E23DB4E00BEFB17 /* FirebaseCrashlytics */ = {
			isa = XCSwiftPackageProductDependency;
			package = 58F0FAA02E23DB4E00BEFB17 /* XCRemoteSwiftPackageReference "firebase-ios-sdk" */;
			productName = FirebaseCrashlytics;
		};
		58F0FAB92E23DB4E00BEFB17 /* FirebaseDatabase */ = {
			isa = XCSwiftPackageProductDependency;
			package = 58F0FAA02E23DB4E00BEFB17 /* XCRemoteSwiftPackageReference "firebase-ios-sdk" */;
			productName = FirebaseDatabase;
		};
		58F0FABB2E23DB4E00BEFB17 /* FirebaseDynamicLinks */ = {
			isa = XCSwiftPackageProductDependency;
			package = 58F0FAA02E23DB4E00BEFB17 /* XCRemoteSwiftPackageReference "firebase-ios-sdk" */;
			productName = FirebaseDynamicLinks;
		};
		58F0FABD2E23DB4E00BEFB17 /* FirebaseFirestore */ = {
			isa = XCSwiftPackageProductDependency;
			package = 58F0FAA02E23DB4E00BEFB17 /* XCRemoteSwiftPackageReference "firebase-ios-sdk" */;
			productName = FirebaseFirestore;
		};
		58F0FABF2E23DB4E00BEFB17 /* FirebaseFirestoreCombine-Community */ = {
			isa = XCSwiftPackageProductDependency;
			package = 58F0FAA02E23DB4E00BEFB17 /* XCRemoteSwiftPackageReference "firebase-ios-sdk" */;
			productName = "FirebaseFirestoreCombine-Community";
		};
		58F0FAC12E23DB4E00BEFB17 /* FirebaseFunctions */ = {
			isa = XCSwiftPackageProductDependency;
			package = 58F0FAA02E23DB4E00BEFB17 /* XCRemoteSwiftPackageReference "firebase-ios-sdk" */;
			productName = FirebaseFunctions;
		};
		58F0FAC32E23DB4E00BEFB17 /* FirebaseFunctionsCombine-Community */ = {
			isa = XCSwiftPackageProductDependency;
			package = 58F0FAA02E23DB4E00BEFB17 /* XCRemoteSwiftPackageReference "firebase-ios-sdk" */;
			productName = "FirebaseFunctionsCombine-Community";
		};
		58F0FAC52E23DB4E00BEFB17 /* FirebaseInAppMessaging-Beta */ = {
			isa = XCSwiftPackageProductDependency;
			package = 58F0FAA02E23DB4E00BEFB17 /* XCRemoteSwiftPackageReference "firebase-ios-sdk" */;
			productName = "FirebaseInAppMessaging-Beta";
		};
		58F0FAC72E23DB4E00BEFB17 /* FirebaseInstallations */ = {
			isa = XCSwiftPackageProductDependency;
			package = 58F0FAA02E23DB4E00BEFB17 /* XCRemoteSwiftPackageReference "firebase-ios-sdk" */;
			productName = FirebaseInstallations;
		};
		58F0FAC92E23DB4E00BEFB17 /* FirebaseMLModelDownloader */ = {
			isa = XCSwiftPackageProductDependency;
			package = 58F0FAA02E23DB4E00BEFB17 /* XCRemoteSwiftPackageReference "firebase-ios-sdk" */;
			productName = FirebaseMLModelDownloader;
		};
		58F0FACB2E23DB4E00BEFB17 /* FirebaseMessaging */ = {
			isa = XCSwiftPackageProductDependency;
			package = 58F0FAA02E23DB4E00BEFB17 /* XCRemoteSwiftPackageReference "firebase-ios-sdk" */;
			productName = FirebaseMessaging;
		};
		58F0FACD2E23DB4E00BEFB17 /* FirebasePerformance */ = {
			isa = XCSwiftPackageProductDependency;
			package = 58F0FAA02E23DB4E00BEFB17 /* XCRemoteSwiftPackageReference "firebase-ios-sdk" */;
			productName = FirebasePerformance;
		};
		58F0FACF2E23DB4E00BEFB17 /* FirebaseRemoteConfig */ = {
			isa = XCSwiftPackageProductDependency;
			package = 58F0FAA02E23DB4E00BEFB17 /* XCRemoteSwiftPackageReference "firebase-ios-sdk" */;
			productName = FirebaseRemoteConfig;
		};
		58F0FAD12E23DB4E00BEFB17 /* FirebaseStorage */ = {
			isa = XCSwiftPackageProductDependency;
			package = 58F0FAA02E23DB4E00BEFB17 /* XCRemoteSwiftPackageReference "firebase-ios-sdk" */;
			productName = FirebaseStorage;
		};
		58F0FAD32E23DB4E00BEFB17 /* FirebaseStorageCombine-Community */ = {
			isa = XCSwiftPackageProductDependency;
			package = 58F0FAA02E23DB4E00BEFB17 /* XCRemoteSwiftPackageReference "firebase-ios-sdk" */;
			productName = "FirebaseStorageCombine-Community";
		};
		58F0FAD52E23DB4E00BEFB17 /* FirebaseVertexAI */ = {
			isa = XCSwiftPackageProductDependency;
			package = 58F0FAA02E23DB4E00BEFB17 /* XCRemoteSwiftPackageReference "firebase-ios-sdk" */;
			productName = FirebaseVertexAI;
		};
/* End XCSwiftPackageProductDependency section */

/* Begin XCVersionGroup section */
		58AC067C2D93478700023211 /* ViO_Date.xcdatamodeld */ = {
			isa = XCVersionGroup;
			children = (
				58AC067D2D93478700023211 /* ViO_Date.xcdatamodel */,
			);
			currentVersion = 58AC067D2D93478700023211 /* ViO_Date.xcdatamodel */;
			path = ViO_Date.xcdatamodeld;
			sourceTree = "<group>";
			versionGroupType = wrapper.xcdatamodel;
		};
/* End XCVersionGroup section */
	};
	rootObject = 6CFA8B3B2D65D2A500E3D4F2 /* Project object */;
}
